// !$*UTF8*$!
{
	archiveVersion = 1;
	classes = {
	};
	objectVersion = 56;
	objects = {

/* Begin PBXBuildFile section */
		851033E128F94B6B002B95C0 /* SwiftUIApp.swift in Sources */ = {isa = PBXBuildFile; fileRef = 851033E028F94B6B002B95C0 /* SwiftUIApp.swift */; };
		851033E328F94B6B002B95C0 /* ContentView.swift in Sources */ = {isa = PBXBuildFile; fileRef = 851033E228F94B6B002B95C0 /* ContentView.swift */; };
		851033E528F94B6D002B95C0 /* Assets.xcassets in Resources */ = {isa = PBXBuildFile; fileRef = 851033E428F94B6D002B95C0 /* Assets.xcassets */; };
		851033E828F94B6D002B95C0 /* Preview Assets.xcassets in Resources */ = {isa = PBXBuildFile; fileRef = 851033E728F94B6D002B95C0 /* Preview Assets.xcassets */; };
		851033F228F94B6E002B95C0 /* SwiftUIAppTests.swift in Sources */ = {isa = PBXBuildFile; fileRef = 851033F128F94B6E002B95C0 /* SwiftUIAppTests.swift */; };
		851033FC28F94B6E002B95C0 /* SwiftUIAppUITests.swift in Sources */ = {isa = PBXBuildFile; fileRef = 851033FB28F94B6E002B95C0 /* SwiftUIAppUITests.swift */; };
		851033FE28F94B6E002B95C0 /* SwiftUIAppUITestsLaunchTests.swift in Sources */ = {isa = PBXBuildFile; fileRef = 851033FD28F94B6E002B95C0 /* SwiftUIAppUITestsLaunchTests.swift */; };
		8510340B28FD32D0002B95C0 /* Home.swift in Sources */ = {isa = PBXBuildFile; fileRef = 8510340A28FD32D0002B95C0 /* Home.swift */; };
		8510340D28FD4EC0002B95C0 /* HomeList.swift in Sources */ = {isa = PBXBuildFile; fileRef = 8510340C28FD4EC0002B95C0 /* HomeList.swift */; };
		8510340F28FD67BF002B95C0 /* BlurView.swift in Sources */ = {isa = PBXBuildFile; fileRef = 8510340E28FD67BF002B95C0 /* BlurView.swift */; };
		854F961928FE827B00CDE32E /* UpdateList.swift in Sources */ = {isa = PBXBuildFile; fileRef = 854F961828FE827B00CDE32E /* UpdateList.swift */; };
		854F961B28FE8DD000CDE32E /* UpdateDetail.swift in Sources */ = {isa = PBXBuildFile; fileRef = 854F961A28FE8DD000CDE32E /* UpdateDetail.swift */; };
		854F961D28FE92DF00CDE32E /* AppTabBarView.swift in Sources */ = {isa = PBXBuildFile; fileRef = 854F961C28FE92DF00CDE32E /* AppTabBarView.swift */; };
		854F962128FEA44800CDE32E /* CertificateRow.swift in Sources */ = {isa = PBXBuildFile; fileRef = 854F962028FEA44800CDE32E /* CertificateRow.swift */; };
		85ECC0B9291380C70013871F /* ViewModifierBootCamp.swift in Sources */ = {isa = PBXBuildFile; fileRef = 85ECC0B8291380C70013871F /* ViewModifierBootCamp.swift */; };
		85ECC0BB29138F0A0013871F /* ButtonStyleBootcamp.swift in Sources */ = {isa = PBXBuildFile; fileRef = 85ECC0BA29138F0A0013871F /* ButtonStyleBootcamp.swift */; };
		85ECC0BD291395CC0013871F /* AnyTransitonBootcamp.swift in Sources */ = {isa = PBXBuildFile; fileRef = 85ECC0BC291395CC0013871F /* AnyTransitonBootcamp.swift */; };
		85ECC0C12913A36A0013871F /* MatchedGeometryEffectBootcamp.swift in Sources */ = {isa = PBXBuildFile; fileRef = 85ECC0C02913A36A0013871F /* MatchedGeometryEffectBootcamp.swift */; };
		85ECC0C32913AB940013871F /* CustomShapBootcamp.swift in Sources */ = {isa = PBXBuildFile; fileRef = 85ECC0C22913AB940013871F /* CustomShapBootcamp.swift */; };
		85ECC0C52913B29D0013871F /* CustomCurvesBootcamp.swift in Sources */ = {isa = PBXBuildFile; fileRef = 85ECC0C42913B29D0013871F /* CustomCurvesBootcamp.swift */; };
		85ECC0C72914E4280013871F /* AnmateableBootcamp.swift in Sources */ = {isa = PBXBuildFile; fileRef = 85ECC0C62914E4280013871F /* AnmateableBootcamp.swift */; };
		85ECC0C92914EB5B0013871F /* GenericsBootcamp .swift in Sources */ = {isa = PBXBuildFile; fileRef = 85ECC0C82914EB5B0013871F /* GenericsBootcamp .swift */; };
		85ECC0CB2914F3CE0013871F /* PerferenceKeyBootcamp.swift in Sources */ = {isa = PBXBuildFile; fileRef = 85ECC0CA2914F3CE0013871F /* PerferenceKeyBootcamp.swift */; };
		85ECC0CF2914FE5B0013871F /* GeometryPreferenceKeyBootcamp.swift in Sources */ = {isa = PBXBuildFile; fileRef = 85ECC0CE2914FE5B0013871F /* GeometryPreferenceKeyBootcamp.swift */; };
		85ECC0D1291502B20013871F /* ScrollViewOffsetPreferenceKeyBootcamp.swift in Sources */ = {isa = PBXBuildFile; fileRef = 85ECC0D0291502B20013871F /* ScrollViewOffsetPreferenceKeyBootcamp.swift */; };
		85ECC0D429150EB90013871F /* CustomTabBarView.swift in Sources */ = {isa = PBXBuildFile; fileRef = 85ECC0D329150EB90013871F /* CustomTabBarView.swift */; };
		85ECC0D62915154D0013871F /* CustomTabBarContainerView.swift in Sources */ = {isa = PBXBuildFile; fileRef = 85ECC0D52915154D0013871F /* CustomTabBarContainerView.swift */; };
		85ECC0D82918ED9E0013871F /* TabBarItemPreferenceKey.swift in Sources */ = {isa = PBXBuildFile; fileRef = 85ECC0D72918ED9E0013871F /* TabBarItemPreferenceKey.swift */; };
		85ECC0DA2918F1CB0013871F /* TabBarItem.swift in Sources */ = {isa = PBXBuildFile; fileRef = 85ECC0D92918F1CB0013871F /* TabBarItem.swift */; };
		85ECC0DD2919083C0013871F /* AppNavBarView.swift in Sources */ = {isa = PBXBuildFile; fileRef = 85ECC0DC2919083B0013871F /* AppNavBarView.swift */; };
		85ECC0E0291B940D0013871F /* LazyGridBootcamp.swift in Sources */ = {isa = PBXBuildFile; fileRef = 85ECC0DF291B940D0013871F /* LazyGridBootcamp.swift */; };
/* End PBXBuildFile section */

/* Begin PBXContainerItemProxy section */
		851033EE28F94B6E002B95C0 /* PBXContainerItemProxy */ = {
			isa = PBXContainerItemProxy;
			containerPortal = 851033D528F94B6B002B95C0 /* Project object */;
			proxyType = 1;
			remoteGlobalIDString = 851033DC28F94B6B002B95C0;
			remoteInfo = SwiftUIApp;
		};
		851033F828F94B6E002B95C0 /* PBXContainerItemProxy */ = {
			isa = PBXContainerItemProxy;
			containerPortal = 851033D528F94B6B002B95C0 /* Project object */;
			proxyType = 1;
			remoteGlobalIDString = 851033DC28F94B6B002B95C0;
			remoteInfo = SwiftUIApp;
		};
/* End PBXContainerItemProxy section */

/* Begin PBXFileReference section */
		851033DD28F94B6B002B95C0 /* SwiftUIApp.app */ = {isa = PBXFileReference; explicitFileType = wrapper.application; includeInIndex = 0; path = SwiftUIApp.app; sourceTree = BUILT_PRODUCTS_DIR; };
		851033E028F94B6B002B95C0 /* SwiftUIApp.swift */ = {isa = PBXFileReference; lastKnownFileType = sourcecode.swift; path = SwiftUIApp.swift; sourceTree = "<group>"; };
		851033E228F94B6B002B95C0 /* ContentView.swift */ = {isa = PBXFileReference; lastKnownFileType = sourcecode.swift; path = ContentView.swift; sourceTree = "<group>"; };
		851033E428F94B6D002B95C0 /* Assets.xcassets */ = {isa = PBXFileReference; lastKnownFileType = folder.assetcatalog; path = Assets.xcassets; sourceTree = "<group>"; };
		851033E728F94B6D002B95C0 /* Preview Assets.xcassets */ = {isa = PBXFileReference; lastKnownFileType = folder.assetcatalog; path = "Preview Assets.xcassets"; sourceTree = "<group>"; };
		851033ED28F94B6E002B95C0 /* SwiftUIAppTests.xctest */ = {isa = PBXFileReference; explicitFileType = wrapper.cfbundle; includeInIndex = 0; path = SwiftUIAppTests.xctest; sourceTree = BUILT_PRODUCTS_DIR; };
		851033F128F94B6E002B95C0 /* SwiftUIAppTests.swift */ = {isa = PBXFileReference; lastKnownFileType = sourcecode.swift; path = SwiftUIAppTests.swift; sourceTree = "<group>"; };
		851033F728F94B6E002B95C0 /* SwiftUIAppUITests.xctest */ = {isa = PBXFileReference; explicitFileType = wrapper.cfbundle; includeInIndex = 0; path = SwiftUIAppUITests.xctest; sourceTree = BUILT_PRODUCTS_DIR; };
		851033FB28F94B6E002B95C0 /* SwiftUIAppUITests.swift */ = {isa = PBXFileReference; lastKnownFileType = sourcecode.swift; path = SwiftUIAppUITests.swift; sourceTree = "<group>"; };
		851033FD28F94B6E002B95C0 /* SwiftUIAppUITestsLaunchTests.swift */ = {isa = PBXFileReference; lastKnownFileType = sourcecode.swift; path = SwiftUIAppUITestsLaunchTests.swift; sourceTree = "<group>"; };
		8510340A28FD32D0002B95C0 /* Home.swift */ = {isa = PBXFileReference; lastKnownFileType = sourcecode.swift; path = Home.swift; sourceTree = "<group>"; };
		8510340C28FD4EC0002B95C0 /* HomeList.swift */ = {isa = PBXFileReference; lastKnownFileType = sourcecode.swift; path = HomeList.swift; sourceTree = "<group>"; };
		8510340E28FD67BF002B95C0 /* BlurView.swift */ = {isa = PBXFileReference; lastKnownFileType = sourcecode.swift; path = BlurView.swift; sourceTree = "<group>"; };
		854F961828FE827B00CDE32E /* UpdateList.swift */ = {isa = PBXFileReference; lastKnownFileType = sourcecode.swift; path = UpdateList.swift; sourceTree = "<group>"; };
		854F961A28FE8DD000CDE32E /* UpdateDetail.swift */ = {isa = PBXFileReference; lastKnownFileType = sourcecode.swift; path = UpdateDetail.swift; sourceTree = "<group>"; };
		854F961C28FE92DF00CDE32E /* AppTabBarView.swift */ = {isa = PBXFileReference; lastKnownFileType = sourcecode.swift; path = AppTabBarView.swift; sourceTree = "<group>"; };
		854F962028FEA44800CDE32E /* CertificateRow.swift */ = {isa = PBXFileReference; lastKnownFileType = sourcecode.swift; path = CertificateRow.swift; sourceTree = "<group>"; };
		85ECC0B8291380C70013871F /* ViewModifierBootCamp.swift */ = {isa = PBXFileReference; lastKnownFileType = sourcecode.swift; path = ViewModifierBootCamp.swift; sourceTree = "<group>"; };
		85ECC0BA29138F0A0013871F /* ButtonStyleBootcamp.swift */ = {isa = PBXFileReference; lastKnownFileType = sourcecode.swift; path = ButtonStyleBootcamp.swift; sourceTree = "<group>"; };
		85ECC0BC291395CC0013871F /* AnyTransitonBootcamp.swift */ = {isa = PBXFileReference; lastKnownFileType = sourcecode.swift; path = AnyTransitonBootcamp.swift; sourceTree = "<group>"; };
		85ECC0C02913A36A0013871F /* MatchedGeometryEffectBootcamp.swift */ = {isa = PBXFileReference; lastKnownFileType = sourcecode.swift; path = MatchedGeometryEffectBootcamp.swift; sourceTree = "<group>"; };
		85ECC0C22913AB940013871F /* CustomShapBootcamp.swift */ = {isa = PBXFileReference; lastKnownFileType = sourcecode.swift; path = CustomShapBootcamp.swift; sourceTree = "<group>"; };
		85ECC0C42913B29D0013871F /* CustomCurvesBootcamp.swift */ = {isa = PBXFileReference; lastKnownFileType = sourcecode.swift; path = CustomCurvesBootcamp.swift; sourceTree = "<group>"; };
		85ECC0C62914E4280013871F /* AnmateableBootcamp.swift */ = {isa = PBXFileReference; lastKnownFileType = sourcecode.swift; path = AnmateableBootcamp.swift; sourceTree = "<group>"; };
		85ECC0C82914EB5B0013871F /* GenericsBootcamp .swift */ = {isa = PBXFileReference; lastKnownFileType = sourcecode.swift; path = "GenericsBootcamp .swift"; sourceTree = "<group>"; };
		85ECC0CA2914F3CE0013871F /* PerferenceKeyBootcamp.swift */ = {isa = PBXFileReference; lastKnownFileType = sourcecode.swift; path = PerferenceKeyBootcamp.swift; sourceTree = "<group>"; };
		85ECC0CE2914FE5B0013871F /* GeometryPreferenceKeyBootcamp.swift */ = {isa = PBXFileReference; lastKnownFileType = sourcecode.swift; path = GeometryPreferenceKeyBootcamp.swift; sourceTree = "<group>"; };
		85ECC0D0291502B20013871F /* ScrollViewOffsetPreferenceKeyBootcamp.swift */ = {isa = PBXFileReference; lastKnownFileType = sourcecode.swift; path = ScrollViewOffsetPreferenceKeyBootcamp.swift; sourceTree = "<group>"; };
		85ECC0D329150EB90013871F /* CustomTabBarView.swift */ = {isa = PBXFileReference; lastKnownFileType = sourcecode.swift; path = CustomTabBarView.swift; sourceTree = "<group>"; };
		85ECC0D52915154D0013871F /* CustomTabBarContainerView.swift */ = {isa = PBXFileReference; lastKnownFileType = sourcecode.swift; path = CustomTabBarContainerView.swift; sourceTree = "<group>"; };
		85ECC0D72918ED9E0013871F /* TabBarItemPreferenceKey.swift */ = {isa = PBXFileReference; lastKnownFileType = sourcecode.swift; path = TabBarItemPreferenceKey.swift; sourceTree = "<group>"; };
		85ECC0D92918F1CB0013871F /* TabBarItem.swift */ = {isa = PBXFileReference; lastKnownFileType = sourcecode.swift; path = TabBarItem.swift; sourceTree = "<group>"; };
		85ECC0DC2919083B0013871F /* AppNavBarView.swift */ = {isa = PBXFileReference; lastKnownFileType = sourcecode.swift; path = AppNavBarView.swift; sourceTree = "<group>"; };
		85ECC0DF291B940D0013871F /* LazyGridBootcamp.swift */ = {isa = PBXFileReference; lastKnownFileType = sourcecode.swift; path = LazyGridBootcamp.swift; sourceTree = "<group>"; };
/* End PBXFileReference section */

/* Begin PBXFrameworksBuildPhase section */
		851033DA28F94B6B002B95C0 /* Frameworks */ = {
			isa = PBXFrameworksBuildPhase;
			buildActionMask = 2147483647;
			files = (
			);
			runOnlyForDeploymentPostprocessing = 0;
		};
		851033EA28F94B6E002B95C0 /* Frameworks */ = {
			isa = PBXFrameworksBuildPhase;
			buildActionMask = 2147483647;
			files = (
			);
			runOnlyForDeploymentPostprocessing = 0;
		};
		851033F428F94B6E002B95C0 /* Frameworks */ = {
			isa = PBXFrameworksBuildPhase;
			buildActionMask = 2147483647;
			files = (
			);
			runOnlyForDeploymentPostprocessing = 0;
		};
/* End PBXFrameworksBuildPhase section */

/* Begin PBXGroup section */
		851033D428F94B6B002B95C0 = {
			isa = PBXGroup;
			children = (
				851033DF28F94B6B002B95C0 /* SwiftUIApp */,
				851033F028F94B6E002B95C0 /* SwiftUIAppTests */,
				851033FA28F94B6E002B95C0 /* SwiftUIAppUITests */,
				851033DE28F94B6B002B95C0 /* Products */,
			);
			sourceTree = "<group>";
		};
		851033DE28F94B6B002B95C0 /* Products */ = {
			isa = PBXGroup;
			children = (
				851033DD28F94B6B002B95C0 /* SwiftUIApp.app */,
				851033ED28F94B6E002B95C0 /* SwiftUIAppTests.xctest */,
				851033F728F94B6E002B95C0 /* SwiftUIAppUITests.xctest */,
			);
			name = Products;
			sourceTree = "<group>";
		};
		851033DF28F94B6B002B95C0 /* SwiftUIApp */ = {
			isa = PBXGroup;
			children = (
				851033E028F94B6B002B95C0 /* SwiftUIApp.swift */,
				8510340A28FD32D0002B95C0 /* Home.swift */,
				8510340C28FD4EC0002B95C0 /* HomeList.swift */,
				854F962028FEA44800CDE32E /* CertificateRow.swift */,
				851033E228F94B6B002B95C0 /* ContentView.swift */,
				854F961828FE827B00CDE32E /* UpdateList.swift */,
				854F961A28FE8DD000CDE32E /* UpdateDetail.swift */,
				85ECC0DE291B93840013871F /* SwiftUIComponents */,
				85ECC0DB291907FD0013871F /* CustomNavigationBar */,
				85ECC0D229150C5B0013871F /* CustomTabBar */,
				8510340E28FD67BF002B95C0 /* BlurView.swift */,
				85ECC0B8291380C70013871F /* ViewModifierBootCamp.swift */,
				85ECC0BA29138F0A0013871F /* ButtonStyleBootcamp.swift */,
				85ECC0BC291395CC0013871F /* AnyTransitonBootcamp.swift */,
				85ECC0C02913A36A0013871F /* MatchedGeometryEffectBootcamp.swift */,
				85ECC0C22913AB940013871F /* CustomShapBootcamp.swift */,
				85ECC0C42913B29D0013871F /* CustomCurvesBootcamp.swift */,
				85ECC0C62914E4280013871F /* AnmateableBootcamp.swift */,
				85ECC0C82914EB5B0013871F /* GenericsBootcamp .swift */,
				85ECC0CD2914FE250013871F /* PreferenceKeyBootcamp */,
				851033E428F94B6D002B95C0 /* Assets.xcassets */,
				851033E628F94B6D002B95C0 /* Preview Content */,
			);
			path = SwiftUIApp;
			sourceTree = "<group>";
		};
		851033E628F94B6D002B95C0 /* Preview Content */ = {
			isa = PBXGroup;
			children = (
				851033E728F94B6D002B95C0 /* Preview Assets.xcassets */,
			);
			path = "Preview Content";
			sourceTree = "<group>";
		};
		851033F028F94B6E002B95C0 /* SwiftUIAppTests */ = {
			isa = PBXGroup;
			children = (
				851033F128F94B6E002B95C0 /* SwiftUIAppTests.swift */,
			);
			path = SwiftUIAppTests;
			sourceTree = "<group>";
		};
		851033FA28F94B6E002B95C0 /* SwiftUIAppUITests */ = {
			isa = PBXGroup;
			children = (
				851033FB28F94B6E002B95C0 /* SwiftUIAppUITests.swift */,
				851033FD28F94B6E002B95C0 /* SwiftUIAppUITestsLaunchTests.swift */,
			);
			path = SwiftUIAppUITests;
			sourceTree = "<group>";
		};
		85ECC0CD2914FE250013871F /* PreferenceKeyBootcamp */ = {
			isa = PBXGroup;
			children = (
				85ECC0CA2914F3CE0013871F /* PerferenceKeyBootcamp.swift */,
				85ECC0CE2914FE5B0013871F /* GeometryPreferenceKeyBootcamp.swift */,
				85ECC0D0291502B20013871F /* ScrollViewOffsetPreferenceKeyBootcamp.swift */,
			);
			path = PreferenceKeyBootcamp;
			sourceTree = "<group>";
		};
		85ECC0D229150C5B0013871F /* CustomTabBar */ = {
			isa = PBXGroup;
			children = (
				85ECC0D92918F1CB0013871F /* TabBarItem.swift */,
				85ECC0D72918ED9E0013871F /* TabBarItemPreferenceKey.swift */,
				854F961C28FE92DF00CDE32E /* AppTabBarView.swift */,
				85ECC0D329150EB90013871F /* CustomTabBarView.swift */,
				85ECC0D52915154D0013871F /* CustomTabBarContainerView.swift */,
			);
			path = CustomTabBar;
			sourceTree = "<group>";
		};
		85ECC0DB291907FD0013871F /* CustomNavigationBar */ = {
			isa = PBXGroup;
			children = (
				85ECC0DC2919083B0013871F /* AppNavBarView.swift */,
			);
			path = CustomNavigationBar;
			sourceTree = "<group>";
		};
		85ECC0DE291B93840013871F /* SwiftUIComponents */ = {
			isa = PBXGroup;
			children = (
				85ECC0DF291B940D0013871F /* LazyGridBootcamp.swift */,
			);
			path = SwiftUIComponents;
			sourceTree = "<group>";
		};
/* End PBXGroup section */

/* Begin PBXNativeTarget section */
		851033DC28F94B6B002B95C0 /* SwiftUIApp */ = {
			isa = PBXNativeTarget;
			buildConfigurationList = 8510340128F94B6E002B95C0 /* Build configuration list for PBXNativeTarget "SwiftUIApp" */;
			buildPhases = (
				851033D928F94B6B002B95C0 /* Sources */,
				851033DA28F94B6B002B95C0 /* Frameworks */,
				851033DB28F94B6B002B95C0 /* Resources */,
			);
			buildRules = (
			);
			dependencies = (
			);
			name = SwiftUIApp;
			productName = SwiftUIApp;
			productReference = 851033DD28F94B6B002B95C0 /* SwiftUIApp.app */;
			productType = "com.apple.product-type.application";
		};
		851033EC28F94B6E002B95C0 /* SwiftUIAppTests */ = {
			isa = PBXNativeTarget;
			buildConfigurationList = 8510340428F94B6E002B95C0 /* Build configuration list for PBXNativeTarget "SwiftUIAppTests" */;
			buildPhases = (
				851033E928F94B6E002B95C0 /* Sources */,
				851033EA28F94B6E002B95C0 /* Frameworks */,
				851033EB28F94B6E002B95C0 /* Resources */,
			);
			buildRules = (
			);
			dependencies = (
				851033EF28F94B6E002B95C0 /* PBXTargetDependency */,
			);
			name = SwiftUIAppTests;
			productName = SwiftUIAppTests;
			productReference = 851033ED28F94B6E002B95C0 /* SwiftUIAppTests.xctest */;
			productType = "com.apple.product-type.bundle.unit-test";
		};
		851033F628F94B6E002B95C0 /* SwiftUIAppUITests */ = {
			isa = PBXNativeTarget;
			buildConfigurationList = 8510340728F94B6E002B95C0 /* Build configuration list for PBXNativeTarget "SwiftUIAppUITests" */;
			buildPhases = (
				851033F328F94B6E002B95C0 /* Sources */,
				851033F428F94B6E002B95C0 /* Frameworks */,
				851033F528F94B6E002B95C0 /* Resources */,
			);
			buildRules = (
			);
			dependencies = (
				851033F928F94B6E002B95C0 /* PBXTargetDependency */,
			);
			name = SwiftUIAppUITests;
			productName = SwiftUIAppUITests;
			productReference = 851033F728F94B6E002B95C0 /* SwiftUIAppUITests.xctest */;
			productType = "com.apple.product-type.bundle.ui-testing";
		};
/* End PBXNativeTarget section */

/* Begin PBXProject section */
		851033D528F94B6B002B95C0 /* Project object */ = {
			isa = PBXProject;
			attributes = {
				BuildIndependentTargetsInParallel = 1;
				LastSwiftUpdateCheck = 1400;
				LastUpgradeCheck = 1400;
				TargetAttributes = {
					851033DC28F94B6B002B95C0 = {
						CreatedOnToolsVersion = 14.0.1;
					};
					851033EC28F94B6E002B95C0 = {
						CreatedOnToolsVersion = 14.0.1;
						TestTargetID = 851033DC28F94B6B002B95C0;
					};
					851033F628F94B6E002B95C0 = {
						CreatedOnToolsVersion = 14.0.1;
						TestTargetID = 851033DC28F94B6B002B95C0;
					};
				};
			};
			buildConfigurationList = 851033D828F94B6B002B95C0 /* Build configuration list for PBXProject "SwiftUIApp" */;
			compatibilityVersion = "Xcode 14.0";
			developmentRegion = en;
			hasScannedForEncodings = 0;
			knownRegions = (
				en,
				Base,
			);
			mainGroup = 851033D428F94B6B002B95C0;
			productRefGroup = 851033DE28F94B6B002B95C0 /* Products */;
			projectDirPath = "";
			projectRoot = "";
			targets = (
				851033DC28F94B6B002B95C0 /* SwiftUIApp */,
				851033EC28F94B6E002B95C0 /* SwiftUIAppTests */,
				851033F628F94B6E002B95C0 /* SwiftUIAppUITests */,
			);
		};
/* End PBXProject section */

/* Begin PBXResourcesBuildPhase section */
		851033DB28F94B6B002B95C0 /* Resources */ = {
			isa = PBXResourcesBuildPhase;
			buildActionMask = 2147483647;
			files = (
				851033E828F94B6D002B95C0 /* Preview Assets.xcassets in Resources */,
				851033E528F94B6D002B95C0 /* Assets.xcassets in Resources */,
			);
			runOnlyForDeploymentPostprocessing = 0;
		};
		851033EB28F94B6E002B95C0 /* Resources */ = {
			isa = PBXResourcesBuildPhase;
			buildActionMask = 2147483647;
			files = (
			);
			runOnlyForDeploymentPostprocessing = 0;
		};
		851033F528F94B6E002B95C0 /* Resources */ = {
			isa = PBXResourcesBuildPhase;
			buildActionMask = 2147483647;
			files = (
			);
			runOnlyForDeploymentPostprocessing = 0;
		};
/* End PBXResourcesBuildPhase section */

/* Begin PBXSourcesBuildPhase section */
		851033D928F94B6B002B95C0 /* Sources */ = {
			isa = PBXSourcesBuildPhase;
			buildActionMask = 2147483647;
			files = (
				85ECC0E0291B940D0013871F /* LazyGridBootcamp.swift in Sources */,
				85ECC0D429150EB90013871F /* CustomTabBarView.swift in Sources */,
				85ECC0C12913A36A0013871F /* MatchedGeometryEffectBootcamp.swift in Sources */,
				85ECC0BD291395CC0013871F /* AnyTransitonBootcamp.swift in Sources */,
				85ECC0C72914E4280013871F /* AnmateableBootcamp.swift in Sources */,
				851033E328F94B6B002B95C0 /* ContentView.swift in Sources */,
				854F961928FE827B00CDE32E /* UpdateList.swift in Sources */,
				85ECC0DA2918F1CB0013871F /* TabBarItem.swift in Sources */,
				8510340B28FD32D0002B95C0 /* Home.swift in Sources */,
				854F961D28FE92DF00CDE32E /* AppTabBarView.swift in Sources */,
				85ECC0D62915154D0013871F /* CustomTabBarContainerView.swift in Sources */,
				85ECC0CF2914FE5B0013871F /* GeometryPreferenceKeyBootcamp.swift in Sources */,
				85ECC0DD2919083C0013871F /* AppNavBarView.swift in Sources */,
				854F962128FEA44800CDE32E /* CertificateRow.swift in Sources */,
				85ECC0C52913B29D0013871F /* CustomCurvesBootcamp.swift in Sources */,
				854F961B28FE8DD000CDE32E /* UpdateDetail.swift in Sources */,
				8510340F28FD67BF002B95C0 /* BlurView.swift in Sources */,
				85ECC0D1291502B20013871F /* ScrollViewOffsetPreferenceKeyBootcamp.swift in Sources */,
				8510340D28FD4EC0002B95C0 /* HomeList.swift in Sources */,
				85ECC0B9291380C70013871F /* ViewModifierBootCamp.swift in Sources */,
				85ECC0D82918ED9E0013871F /* TabBarItemPreferenceKey.swift in Sources */,
				85ECC0CB2914F3CE0013871F /* PerferenceKeyBootcamp.swift in Sources */,
				851033E128F94B6B002B95C0 /* SwiftUIApp.swift in Sources */,
				85ECC0C92914EB5B0013871F /* GenericsBootcamp .swift in Sources */,
				85ECC0BB29138F0A0013871F /* ButtonStyleBootcamp.swift in Sources */,
				85ECC0C32913AB940013871F /* CustomShapBootcamp.swift in Sources */,
			);
			runOnlyForDeploymentPostprocessing = 0;
		};
		851033E928F94B6E002B95C0 /* Sources */ = {
			isa = PBXSourcesBuildPhase;
			buildActionMask = 2147483647;
			files = (
				851033F228F94B6E002B95C0 /* SwiftUIAppTests.swift in Sources */,
			);
			runOnlyForDeploymentPostprocessing = 0;
		};
		851033F328F94B6E002B95C0 /* Sources */ = {
			isa = PBXSourcesBuildPhase;
			buildActionMask = 2147483647;
			files = (
				851033FE28F94B6E002B95C0 /* SwiftUIAppUITestsLaunchTests.swift in Sources */,
				851033FC28F94B6E002B95C0 /* SwiftUIAppUITests.swift in Sources */,
			);
			runOnlyForDeploymentPostprocessing = 0;
		};
/* End PBXSourcesBuildPhase section */

/* Begin PBXTargetDependency section */
		851033EF28F94B6E002B95C0 /* PBXTargetDependency */ = {
			isa = PBXTargetDependency;
			target = 851033DC28F94B6B002B95C0 /* SwiftUIApp */;
			targetProxy = 851033EE28F94B6E002B95C0 /* PBXContainerItemProxy */;
		};
		851033F928F94B6E002B95C0 /* PBXTargetDependency */ = {
			isa = PBXTargetDependency;
			target = 851033DC28F94B6B002B95C0 /* SwiftUIApp */;
			targetProxy = 851033F828F94B6E002B95C0 /* PBXContainerItemProxy */;
		};
/* End PBXTargetDependency section */

/* Begin XCBuildConfiguration section */
		851033FF28F94B6E002B95C0 /* Debug */ = {
			isa = XCBuildConfiguration;
			buildSettings = {
				ALWAYS_SEARCH_USER_PATHS = NO;
				CLANG_ANALYZER_NONNULL = YES;
				CLANG_ANALYZER_NUMBER_OBJECT_CONVERSION = YES_AGGRESSIVE;
				CLANG_CXX_LANGUAGE_STANDARD = "gnu++20";
				CLANG_ENABLE_MODULES = YES;
				CLANG_ENABLE_OBJC_ARC = YES;
				CLANG_ENABLE_OBJC_WEAK = YES;
				CLANG_WARN_BLOCK_CAPTURE_AUTORELEASING = YES;
				CLANG_WARN_BOOL_CONVERSION = YES;
				CLANG_WARN_COMMA = YES;
				CLANG_WARN_CONSTANT_CONVERSION = YES;
				CLANG_WARN_DEPRECATED_OBJC_IMPLEMENTATIONS = YES;
				CLANG_WARN_DIRECT_OBJC_ISA_USAGE = YES_ERROR;
				CLANG_WARN_DOCUMENTATION_COMMENTS = YES;
				CLANG_WARN_EMPTY_BODY = YES;
				CLANG_WARN_ENUM_CONVERSION = YES;
				CLANG_WARN_INFINITE_RECURSION = YES;
				CLANG_WARN_INT_CONVERSION = YES;
				CLANG_WARN_NON_LITERAL_NULL_CONVERSION = YES;
				CLANG_WARN_OBJC_IMPLICIT_RETAIN_SELF = YES;
				CLANG_WARN_OBJC_LITERAL_CONVERSION = YES;
				CLANG_WARN_OBJC_ROOT_CLASS = YES_ERROR;
				CLANG_WARN_QUOTED_INCLUDE_IN_FRAMEWORK_HEADER = YES;
				CLANG_WARN_RANGE_LOOP_ANALYSIS = YES;
				CLANG_WARN_STRICT_PROTOTYPES = YES;
				CLANG_WARN_SUSPICIOUS_MOVE = YES;
				CLANG_WARN_UNGUARDED_AVAILABILITY = YES_AGGRESSIVE;
				CLANG_WARN_UNREACHABLE_CODE = YES;
				CLANG_WARN__DUPLICATE_METHOD_MATCH = YES;
				COPY_PHASE_STRIP = NO;
				DEBUG_INFORMATION_FORMAT = dwarf;
				ENABLE_STRICT_OBJC_MSGSEND = YES;
				ENABLE_TESTABILITY = YES;
				GCC_C_LANGUAGE_STANDARD = gnu11;
				GCC_DYNAMIC_NO_PIC = NO;
				GCC_NO_COMMON_BLOCKS = YES;
				GCC_OPTIMIZATION_LEVEL = 0;
				GCC_PREPROCESSOR_DEFINITIONS = (
					"DEBUG=1",
					"$(inherited)",
				);
				GCC_WARN_64_TO_32_BIT_CONVERSION = YES;
				GCC_WARN_ABOUT_RETURN_TYPE = YES_ERROR;
				GCC_WARN_UNDECLARED_SELECTOR = YES;
				GCC_WARN_UNINITIALIZED_AUTOS = YES_AGGRESSIVE;
				GCC_WARN_UNUSED_FUNCTION = YES;
				GCC_WARN_UNUSED_VARIABLE = YES;
				IPHONEOS_DEPLOYMENT_TARGET = 15.0;
				MTL_ENABLE_DEBUG_INFO = INCLUDE_SOURCE;
				MTL_FAST_MATH = YES;
				ONLY_ACTIVE_ARCH = YES;
				SDKROOT = iphoneos;
				SWIFT_ACTIVE_COMPILATION_CONDITIONS = DEBUG;
				SWIFT_OPTIMIZATION_LEVEL = "-Onone";
			};
			name = Debug;
		};
		8510340028F94B6E002B95C0 /* Release */ = {
			isa = XCBuildConfiguration;
			buildSettings = {
				ALWAYS_SEARCH_USER_PATHS = NO;
				CLANG_ANALYZER_NONNULL = YES;
				CLANG_ANALYZER_NUMBER_OBJECT_CONVERSION = YES_AGGRESSIVE;
				CLANG_CXX_LANGUAGE_STANDARD = "gnu++20";
				CLANG_ENABLE_MODULES = YES;
				CLANG_ENABLE_OBJC_ARC = YES;
				CLANG_ENABLE_OBJC_WEAK = YES;
				CLANG_WARN_BLOCK_CAPTURE_AUTORELEASING = YES;
				CLANG_WARN_BOOL_CONVERSION = YES;
				CLANG_WARN_COMMA = YES;
				CLANG_WARN_CONSTANT_CONVERSION = YES;
				CLANG_WARN_DEPRECATED_OBJC_IMPLEMENTATIONS = YES;
				CLANG_WARN_DIRECT_OBJC_ISA_USAGE = YES_ERROR;
				CLANG_WARN_DOCUMENTATION_COMMENTS = YES;
				CLANG_WARN_EMPTY_BODY = YES;
				CLANG_WARN_ENUM_CONVERSION = YES;
				CLANG_WARN_INFINITE_RECURSION = YES;
				CLANG_WARN_INT_CONVERSION = YES;
				CLANG_WARN_NON_LITERAL_NULL_CONVERSION = YES;
				CLANG_WARN_OBJC_IMPLICIT_RETAIN_SELF = YES;
				CLANG_WARN_OBJC_LITERAL_CONVERSION = YES;
				CLANG_WARN_OBJC_ROOT_CLASS = YES_ERROR;
				CLANG_WARN_QUOTED_INCLUDE_IN_FRAMEWORK_HEADER = YES;
				CLANG_WARN_RANGE_LOOP_ANALYSIS = YES;
				CLANG_WARN_STRICT_PROTOTYPES = YES;
				CLANG_WARN_SUSPICIOUS_MOVE = YES;
				CLANG_WARN_UNGUARDED_AVAILABILITY = YES_AGGRESSIVE;
				CLANG_WARN_UNREACHABLE_CODE = YES;
				CLANG_WARN__DUPLICATE_METHOD_MATCH = YES;
				COPY_PHASE_STRIP = NO;
				DEBUG_INFORMATION_FORMAT = "dwarf-with-dsym";
				ENABLE_NS_ASSERTIONS = NO;
				ENABLE_STRICT_OBJC_MSGSEND = YES;
				GCC_C_LANGUAGE_STANDARD = gnu11;
				GCC_NO_COMMON_BLOCKS = YES;
				GCC_WARN_64_TO_32_BIT_CONVERSION = YES;
				GCC_WARN_ABOUT_RETURN_TYPE = YES_ERROR;
				GCC_WARN_UNDECLARED_SELECTOR = YES;
				GCC_WARN_UNINITIALIZED_AUTOS = YES_AGGRESSIVE;
				GCC_WARN_UNUSED_FUNCTION = YES;
				GCC_WARN_UNUSED_VARIABLE = YES;
				IPHONEOS_DEPLOYMENT_TARGET = 15.0;
				MTL_ENABLE_DEBUG_INFO = NO;
				MTL_FAST_MATH = YES;
				SDKROOT = iphoneos;
				SWIFT_COMPILATION_MODE = wholemodule;
				SWIFT_OPTIMIZATION_LEVEL = "-O";
				VALIDATE_PRODUCT = YES;
			};
			name = Release;
		};
		8510340228F94B6E002B95C0 /* Debug */ = {
			isa = XCBuildConfiguration;
			buildSettings = {
				ASSETCATALOG_COMPILER_APPICON_NAME = AppIcon;
				ASSETCATALOG_COMPILER_GLOBAL_ACCENT_COLOR_NAME = AccentColor;
				CODE_SIGN_STYLE = Automatic;
				CURRENT_PROJECT_VERSION = 1;
				DEVELOPMENT_ASSET_PATHS = "\"SwiftUIApp/Preview Content\"";
				DEVELOPMENT_TEAM = 64KT797F3Y;
				ENABLE_PREVIEWS = YES;
				GENERATE_INFOPLIST_FILE = YES;
				INFOPLIST_KEY_UIApplicationSceneManifest_Generation = YES;
				INFOPLIST_KEY_UIApplicationSupportsIndirectInputEvents = YES;
				INFOPLIST_KEY_UILaunchScreen_Generation = YES;
				INFOPLIST_KEY_UISupportedInterfaceOrientations_iPad = "UIInterfaceOrientationPortrait UIInterfaceOrientationPortraitUpsideDown UIInterfaceOrientationLandscapeLeft UIInterfaceOrientationLandscapeRight";
				INFOPLIST_KEY_UISupportedInterfaceOrientations_iPhone = "UIInterfaceOrientationPortrait UIInterfaceOrientationLandscapeLeft UIInterfaceOrientationLandscapeRight";
				LD_RUNPATH_SEARCH_PATHS = (
					"$(inherited)",
					"@executable_path/Frameworks",
				);
				MARKETING_VERSION = 1.0;
				PRODUCT_BUNDLE_IDENTIFIER = com.mingxianwei.SwiftUIApp;
				PRODUCT_NAME = "$(TARGET_NAME)";
				SWIFT_EMIT_LOC_STRINGS = YES;
				SWIFT_VERSION = 5.0;
				TARGETED_DEVICE_FAMILY = "1,2";
			};
			name = Debug;
		};
		8510340328F94B6E002B95C0 /* Release */ = {
			isa = XCBuildConfiguration;
			buildSettings = {
				ASSETCATALOG_COMPILER_APPICON_NAME = AppIcon;
				ASSETCATALOG_COMPILER_GLOBAL_ACCENT_COLOR_NAME = AccentColor;
				CODE_SIGN_STYLE = Automatic;
				CURRENT_PROJECT_VERSION = 1;
				DEVELOPMENT_ASSET_PATHS = "\"SwiftUIApp/Preview Content\"";
				DEVELOPMENT_TEAM = 64KT797F3Y;
				ENABLE_PREVIEWS = YES;
				GENERATE_INFOPLIST_FILE = YES;
				INFOPLIST_KEY_UIApplicationSceneManifest_Generation = YES;
				INFOPLIST_KEY_UIApplicationSupportsIndirectInputEvents = YES;
				INFOPLIST_KEY_UILaunchScreen_Generation = YES;
				INFOPLIST_KEY_UISupportedInterfaceOrientations_iPad = "UIInterfaceOrientationPortrait UIInterfaceOrientationPortraitUpsideDown UIInterfaceOrientationLandscapeLeft UIInterfaceOrientationLandscapeRight";
				INFOPLIST_KEY_UISupportedInterfaceOrientations_iPhone = "UIInterfaceOrientationPortrait UIInterfaceOrientationLandscapeLeft UIInterfaceOrientationLandscapeRight";
				LD_RUNPATH_SEARCH_PATHS = (
					"$(inherited)",
					"@executable_path/Frameworks",
				);
				MARKETING_VERSION = 1.0;
				PRODUCT_BUNDLE_IDENTIFIER = com.mingxianwei.SwiftUIApp;
				PRODUCT_NAME = "$(TARGET_NAME)";
				SWIFT_EMIT_LOC_STRINGS = YES;
				SWIFT_VERSION = 5.0;
				TARGETED_DEVICE_FAMILY = "1,2";
			};
			name = Release;
		};
		8510340528F94B6E002B95C0 /* Debug */ = {
			isa = XCBuildConfiguration;
			buildSettings = {
				ALWAYS_EMBED_SWIFT_STANDARD_LIBRARIES = YES;
				BUNDLE_LOADER = "$(TEST_HOST)";
				CODE_SIGN_STYLE = Automatic;
				CURRENT_PROJECT_VERSION = 1;
				DEVELOPMENT_TEAM = 64KT797F3Y;
				GENERATE_INFOPLIST_FILE = YES;
				IPHONEOS_DEPLOYMENT_TARGET = 16.0;
				MARKETING_VERSION = 1.0;
				PRODUCT_BUNDLE_IDENTIFIER = com.mingxianwei.SwiftUIAppTests;
				PRODUCT_NAME = "$(TARGET_NAME)";
				SWIFT_EMIT_LOC_STRINGS = NO;
				SWIFT_VERSION = 5.0;
				TARGETED_DEVICE_FAMILY = "1,2";
				TEST_HOST = "$(BUILT_PRODUCTS_DIR)/SwiftUIApp.app/$(BUNDLE_EXECUTABLE_FOLDER_PATH)/SwiftUIApp";
			};
			name = Debug;
		};
		8510340628F94B6E002B95C0 /* Release */ = {
			isa = XCBuildConfiguration;
			buildSettings = {
				ALWAYS_EMBED_SWIFT_STANDARD_LIBRARIES = YES;
				BUNDLE_LOADER = "$(TEST_HOST)";
				CODE_SIGN_STYLE = Automatic;
				CURRENT_PROJECT_VERSION = 1;
				DEVELOPMENT_TEAM = 64KT797F3Y;
				GENERATE_INFOPLIST_FILE = YES;
				IPHONEOS_DEPLOYMENT_TARGET = 16.0;
				MARKETING_VERSION = 1.0;
				PRODUCT_BUNDLE_IDENTIFIER = com.mingxianwei.SwiftUIAppTests;
				PRODUCT_NAME = "$(TARGET_NAME)";
				SWIFT_EMIT_LOC_STRINGS = NO;
				SWIFT_VERSION = 5.0;
				TARGETED_DEVICE_FAMILY = "1,2";
				TEST_HOST = "$(BUILT_PRODUCTS_DIR)/SwiftUIApp.app/$(BUNDLE_EXECUTABLE_FOLDER_PATH)/SwiftUIApp";
			};
			name = Release;
		};
		8510340828F94B6E002B95C0 /* Debug */ = {
			isa = XCBuildConfiguration;
			buildSettings = {
				ALWAYS_EMBED_SWIFT_STANDARD_LIBRARIES = YES;
				CODE_SIGN_STYLE = Automatic;
				CURRENT_PROJECT_VERSION = 1;
				DEVELOPMENT_TEAM = 64KT797F3Y;
				GENERATE_INFOPLIST_FILE = YES;
				MARKETING_VERSION = 1.0;
				PRODUCT_BUNDLE_IDENTIFIER = com.mingxianwei.SwiftUIAppUITests;
				PRODUCT_NAME = "$(TARGET_NAME)";
				SWIFT_EMIT_LOC_STRINGS = NO;
				SWIFT_VERSION = 5.0;
				TARGETED_DEVICE_FAMILY = "1,2";
				TEST_TARGET_NAME = SwiftUIApp;
			};
			name = Debug;
		};
		8510340928F94B6E002B95C0 /* Release */ = {
			isa = XCBuildConfiguration;
			buildSettings = {
				ALWAYS_EMBED_SWIFT_STANDARD_LIBRARIES = YES;
				CODE_SIGN_STYLE = Automatic;
				CURRENT_PROJECT_VERSION = 1;
				DEVELOPMENT_TEAM = 64KT797F3Y;
				GENERATE_INFOPLIST_FILE = YES;
				MARKETING_VERSION = 1.0;
				PRODUCT_BUNDLE_IDENTIFIER = com.mingxianwei.SwiftUIAppUITests;
				PRODUCT_NAME = "$(TARGET_NAME)";
				SWIFT_EMIT_LOC_STRINGS = NO;
				SWIFT_VERSION = 5.0;
				TARGETED_DEVICE_FAMILY = "1,2";
				TEST_TARGET_NAME = SwiftUIApp;
			};
			name = Release;
		};
/* End XCBuildConfiguration section */

/* Begin XCConfigurationList section */
		851033D828F94B6B002B95C0 /* Build configuration list for PBXProject "SwiftUIApp" */ = {
			isa = XCConfigurationList;
			buildConfigurations = (
				851033FF28F94B6E002B95C0 /* Debug */,
				8510340028F94B6E002B95C0 /* Release */,
			);
			defaultConfigurationIsVisible = 0;
			defaultConfigurationName = Release;
		};
		8510340128F94B6E002B95C0 /* Build configuration list for PBXNativeTarget "SwiftUIApp" */ = {
			isa = XCConfigurationList;
			buildConfigurations = (
				8510340228F94B6E002B95C0 /* Debug */,
				8510340328F94B6E002B95C0 /* Release */,
			);
			defaultConfigurationIsVisible = 0;
			defaultConfigurationName = Release;
		};
		8510340428F94B6E002B95C0 /* Build configuration list for PBXNativeTarget "SwiftUIAppTests" */ = {
			isa = XCConfigurationList;
			buildConfigurations = (
				8510340528F94B6E002B95C0 /* Debug */,
				8510340628F94B6E002B95C0 /* Release */,
			);
			defaultConfigurationIsVisible = 0;
			defaultConfigurationName = Release;
		};
		8510340728F94B6E002B95C0 /* Build configuration list for PBXNativeTarget "SwiftUIAppUITests" */ = {
			isa = XCConfigurationList;
			buildConfigurations = (
				8510340828F94B6E002B95C0 /* Debug */,
				8510340928F94B6E002B95C0 /* Release */,
			);
			defaultConfigurationIsVisible = 0;
			defaultConfigurationName = Release;
		};
/* End XCConfigurationList section */
	};
	rootObject = 851033D528F94B6B002B95C0 /* Project object */;
}
